{
  "object": {
    "pins": [
      {
        "package": "Contentful",
        "repositoryURL": "https://github.com/contentful/contentful.swift",
        "state": {
          "branch": null,
          "revision": "8977d5d6a780b322183214f408b82066b6381b2b",
          "version": "5.5.12"
        }
      }
    ]
  },
  "version": 1
}
