{
  "object": {
    "pins": [
      {
        "package": "Contentful",
        "repositoryURL": "https://github.com/contentful/contentful.swift",
        "state": {
          "branch": null,
          "revision": "ca84af9eee57a1b179200b39fcc0fe8525c535a0",
          "version": null
        }
      }
    ]
  },
  "version": 1
}
